
Microsoft Visual Studio Solution File, Format Version 12.00
# Visual Studio Version 16
VisualStudioVersion = 16.0.34601.136
MinimumVisualStudioVersion = 10.0.40219.1
Project("{FAE04EC0-301F-11D3-BF4B-00C04F79EFBC}") = "permiakov_lab2", "permiakov_lab2.csproj", "{BEFB724B-F756-4785-B93A-5BF640DA9F82}"
EndProject
Global
	GlobalSection(SolutionConfigurationPlatforms) = preSolution
		Debug|Any CPU = Debug|Any CPU
		Release|Any CPU = Release|Any CPU
	EndGlobalSection
	GlobalSection(ProjectConfigurationPlatforms) = postSolution
		{BEFB724B-F756-4785-B93A-5BF640DA9F82}.Debug|Any CPU.ActiveCfg = Debug|Any CPU
		{BEFB724B-F756-4785-B93A-5BF640DA9F82}.Debug|Any CPU.Build.0 = Debug|Any CPU
		{BEFB724B-F756-4785-B93A-5BF640DA9F82}.Release|Any CPU.ActiveCfg = Release|Any CPU
		{BEFB724B-F756-4785-B93A-5BF640DA9F82}.Release|Any CPU.Build.0 = Release|Any CPU
	EndGlobalSection
	GlobalSection(SolutionProperties) = preSolution
		HideSolutionNode = FALSE
	EndGlobalSection
	GlobalSection(ExtensibilityGlobals) = postSolution
		SolutionGuid = {9997A15C-3A40-43C0-868C-DFECD3FB4037}
	EndGlobalSection
EndGlobal
